
Microsoft Visual Studio Solution File, Format Version 12.00
# Visual Studio 2012
Project("{8BC9CEB8-8B4A-11D0-8D11-00A0C91BC942}") = "liblmdb", "liblmdb\liblmdb.vcxproj", "{9413869C-DE5D-4E04-97A7-D38EC8B3DA7B}"
EndProject
Project("{8BC9CEB8-8B4A-11D0-8D11-00A0C91BC942}") = "liblmdb.test", "liblmdb.test\liblmdb.test.vcxproj", "{6DF191CB-6A9E-4563-ABBE-12A29769BE7F}"
	ProjectSection(ProjectDependencies) = postProject
		{9413869C-DE5D-4E04-97A7-D38EC8B3DA7B} = {9413869C-DE5D-4E04-97A7-D38EC8B3DA7B}
	EndProjectSection
EndProject
Project("{8BC9CEB8-8B4A-11D0-8D11-00A0C91BC942}") = "liblmdb.test2", "liblmdb.test2\liblmdb.test2.vcxproj", "{FF6A4823-5E46-4EAC-8FC7-C2AEB53727EF}"
	ProjectSection(ProjectDependencies) = postProject
		{9413869C-DE5D-4E04-97A7-D38EC8B3DA7B} = {9413869C-DE5D-4E04-97A7-D38EC8B3DA7B}
		{6DF191CB-6A9E-4563-ABBE-12A29769BE7F} = {6DF191CB-6A9E-4563-ABBE-12A29769BE7F}
	EndProjectSection
EndProject
Project("{8BC9CEB8-8B4A-11D0-8D11-00A0C91BC942}") = "liblmdb.test3", "liblmdb.test3\liblmdb.test3.vcxproj", "{A6A28D82-EE2A-45C4-A3CE-CE3E3C18F9A1}"
	ProjectSection(ProjectDependencies) = postProject
		{FF6A4823-5E46-4EAC-8FC7-C2AEB53727EF} = {FF6A4823-5E46-4EAC-8FC7-C2AEB53727EF}
		{9413869C-DE5D-4E04-97A7-D38EC8B3DA7B} = {9413869C-DE5D-4E04-97A7-D38EC8B3DA7B}
		{6DF191CB-6A9E-4563-ABBE-12A29769BE7F} = {6DF191CB-6A9E-4563-ABBE-12A29769BE7F}
	EndProjectSection
EndProject
Project("{8BC9CEB8-8B4A-11D0-8D11-00A0C91BC942}") = "liblmdb.test4", "liblmdb.test4\liblmdb.test4.vcxproj", "{C98B9660-C2E0-4064-974E-00E92675AD38}"
	ProjectSection(ProjectDependencies) = postProject
		{FF6A4823-5E46-4EAC-8FC7-C2AEB53727EF} = {FF6A4823-5E46-4EAC-8FC7-C2AEB53727EF}
		{A6A28D82-EE2A-45C4-A3CE-CE3E3C18F9A1} = {A6A28D82-EE2A-45C4-A3CE-CE3E3C18F9A1}
		{9413869C-DE5D-4E04-97A7-D38EC8B3DA7B} = {9413869C-DE5D-4E04-97A7-D38EC8B3DA7B}
		{6DF191CB-6A9E-4563-ABBE-12A29769BE7F} = {6DF191CB-6A9E-4563-ABBE-12A29769BE7F}
	EndProjectSection
EndProject
Project("{8BC9CEB8-8B4A-11D0-8D11-00A0C91BC942}") = "liblmdb.test5", "liblmdb.test5\liblmdb.test5.vcxproj", "{788B320B-D01A-47FD-945C-C9779327B1FD}"
	ProjectSection(ProjectDependencies) = postProject
		{FF6A4823-5E46-4EAC-8FC7-C2AEB53727EF} = {FF6A4823-5E46-4EAC-8FC7-C2AEB53727EF}
		{C98B9660-C2E0-4064-974E-00E92675AD38} = {C98B9660-C2E0-4064-974E-00E92675AD38}
		{A6A28D82-EE2A-45C4-A3CE-CE3E3C18F9A1} = {A6A28D82-EE2A-45C4-A3CE-CE3E3C18F9A1}
		{9413869C-DE5D-4E04-97A7-D38EC8B3DA7B} = {9413869C-DE5D-4E04-97A7-D38EC8B3DA7B}
		{6DF191CB-6A9E-4563-ABBE-12A29769BE7F} = {6DF191CB-6A9E-4563-ABBE-12A29769BE7F}
	EndProjectSection
EndProject
Project("{8BC9CEB8-8B4A-11D0-8D11-00A0C91BC942}") = "liblmdb.test6", "liblmdb.test6\liblmdb.test6.vcxproj", "{6C47C62B-19FE-4425-8474-0FB6DA73EA47}"
	ProjectSection(ProjectDependencies) = postProject
		{788B320B-D01A-47FD-945C-C9779327B1FD} = {788B320B-D01A-47FD-945C-C9779327B1FD}
		{FF6A4823-5E46-4EAC-8FC7-C2AEB53727EF} = {FF6A4823-5E46-4EAC-8FC7-C2AEB53727EF}
		{C98B9660-C2E0-4064-974E-00E92675AD38} = {C98B9660-C2E0-4064-974E-00E92675AD38}
		{A6A28D82-EE2A-45C4-A3CE-CE3E3C18F9A1} = {A6A28D82-EE2A-45C4-A3CE-CE3E3C18F9A1}
		{9413869C-DE5D-4E04-97A7-D38EC8B3DA7B} = {9413869C-DE5D-4E04-97A7-D38EC8B3DA7B}
		{6DF191CB-6A9E-4563-ABBE-12A29769BE7F} = {6DF191CB-6A9E-4563-ABBE-12A29769BE7F}
	EndProjectSection
EndProject
Global
	GlobalSection(SolutionConfigurationPlatforms) = preSolution
		Debug|Win32 = Debug|Win32
		Release|Win32 = Release|Win32
	EndGlobalSection
	GlobalSection(ProjectConfigurationPlatforms) = postSolution
		{9413869C-DE5D-4E04-97A7-D38EC8B3DA7B}.Debug|Win32.ActiveCfg = Debug|Win32
		{9413869C-DE5D-4E04-97A7-D38EC8B3DA7B}.Debug|Win32.Build.0 = Debug|Win32
		{9413869C-DE5D-4E04-97A7-D38EC8B3DA7B}.Release|Win32.ActiveCfg = Release|Win32
		{9413869C-DE5D-4E04-97A7-D38EC8B3DA7B}.Release|Win32.Build.0 = Release|Win32
		{6DF191CB-6A9E-4563-ABBE-12A29769BE7F}.Debug|Win32.ActiveCfg = Debug|Win32
		{6DF191CB-6A9E-4563-ABBE-12A29769BE7F}.Debug|Win32.Build.0 = Debug|Win32
		{6DF191CB-6A9E-4563-ABBE-12A29769BE7F}.Release|Win32.ActiveCfg = Release|Win32
		{6DF191CB-6A9E-4563-ABBE-12A29769BE7F}.Release|Win32.Build.0 = Release|Win32
		{FF6A4823-5E46-4EAC-8FC7-C2AEB53727EF}.Debug|Win32.ActiveCfg = Debug|Win32
		{FF6A4823-5E46-4EAC-8FC7-C2AEB53727EF}.Debug|Win32.Build.0 = Debug|Win32
		{FF6A4823-5E46-4EAC-8FC7-C2AEB53727EF}.Release|Win32.ActiveCfg = Release|Win32
		{FF6A4823-5E46-4EAC-8FC7-C2AEB53727EF}.Release|Win32.Build.0 = Release|Win32
		{A6A28D82-EE2A-45C4-A3CE-CE3E3C18F9A1}.Debug|Win32.ActiveCfg = Debug|Win32
		{A6A28D82-EE2A-45C4-A3CE-CE3E3C18F9A1}.Debug|Win32.Build.0 = Debug|Win32
		{A6A28D82-EE2A-45C4-A3CE-CE3E3C18F9A1}.Release|Win32.ActiveCfg = Release|Win32
		{A6A28D82-EE2A-45C4-A3CE-CE3E3C18F9A1}.Release|Win32.Build.0 = Release|Win32
		{C98B9660-C2E0-4064-974E-00E92675AD38}.Debug|Win32.ActiveCfg = Debug|Win32
		{C98B9660-C2E0-4064-974E-00E92675AD38}.Debug|Win32.Build.0 = Debug|Win32
		{C98B9660-C2E0-4064-974E-00E92675AD38}.Release|Win32.ActiveCfg = Release|Win32
		{C98B9660-C2E0-4064-974E-00E92675AD38}.Release|Win32.Build.0 = Release|Win32
		{788B320B-D01A-47FD-945C-C9779327B1FD}.Debug|Win32.ActiveCfg = Debug|Win32
		{788B320B-D01A-47FD-945C-C9779327B1FD}.Debug|Win32.Build.0 = Debug|Win32
		{788B320B-D01A-47FD-945C-C9779327B1FD}.Release|Win32.ActiveCfg = Release|Win32
		{788B320B-D01A-47FD-945C-C9779327B1FD}.Release|Win32.Build.0 = Release|Win32
		{6C47C62B-19FE-4425-8474-0FB6DA73EA47}.Debug|Win32.ActiveCfg = Debug|Win32
		{6C47C62B-19FE-4425-8474-0FB6DA73EA47}.Debug|Win32.Build.0 = Debug|Win32
		{6C47C62B-19FE-4425-8474-0FB6DA73EA47}.Release|Win32.ActiveCfg = Release|Win32
		{6C47C62B-19FE-4425-8474-0FB6DA73EA47}.Release|Win32.Build.0 = Release|Win32
	EndGlobalSection
	GlobalSection(SolutionProperties) = preSolution
		HideSolutionNode = FALSE
	EndGlobalSection
EndGlobal
